// !$*UTF8*$!
{
	archiveVersion = 1;
	classes = {
	};
	objectVersion = 50;
	objects = {

/* Begin PBXBuildFile section */
		D7267B0F2366EB63003B05DE /* BookmarkCell.swift in Sources */ = {isa = PBXBuildFile; fileRef = D7267B0D2366EB63003B05DE /* BookmarkCell.swift */; };
		D7267B102366EB63003B05DE /* BookmarkCell.xib in Resources */ = {isa = PBXBuildFile; fileRef = D7267B0E2366EB63003B05DE /* BookmarkCell.xib */; };
		D7267B122366EBA1003B05DE /* BookmarkVC.swift in Sources */ = {isa = PBXBuildFile; fileRef = D7267B112366EBA1003B05DE /* BookmarkVC.swift */; };
		D7267B1423687194003B05DE /* CustomButton.swift in Sources */ = {isa = PBXBuildFile; fileRef = D7267B1323687194003B05DE /* CustomButton.swift */; };
		D7267B1623689C44003B05DE /* WatchedVC.swift in Sources */ = {isa = PBXBuildFile; fileRef = D7267B1523689C44003B05DE /* WatchedVC.swift */; };
		D72AFEC9235F7B9200096F68 /* AppDelegate.swift in Sources */ = {isa = PBXBuildFile; fileRef = D72AFEC8235F7B9200096F68 /* AppDelegate.swift */; };
		D72AFECB235F7B9200096F68 /* SceneDelegate.swift in Sources */ = {isa = PBXBuildFile; fileRef = D72AFECA235F7B9200096F68 /* SceneDelegate.swift */; };
		D72AFECD235F7B9200096F68 /* LatestVC.swift in Sources */ = {isa = PBXBuildFile; fileRef = D72AFECC235F7B9200096F68 /* LatestVC.swift */; };
		D72AFED0235F7B9200096F68 /* Main.storyboard in Resources */ = {isa = PBXBuildFile; fileRef = D72AFECE235F7B9200096F68 /* Main.storyboard */; };
		D72AFED2235F7B9600096F68 /* Assets.xcassets in Resources */ = {isa = PBXBuildFile; fileRef = D72AFED1235F7B9600096F68 /* Assets.xcassets */; };
		D72AFED5235F7B9600096F68 /* LaunchScreen.storyboard in Resources */ = {isa = PBXBuildFile; fileRef = D72AFED3235F7B9600096F68 /* LaunchScreen.storyboard */; };
		D7470166235FA93D00406396 /* Movie.swift in Sources */ = {isa = PBXBuildFile; fileRef = D7470165235FA93D00406396 /* Movie.swift */; };
		D747016D23603E2400406396 /* DataManager.swift in Sources */ = {isa = PBXBuildFile; fileRef = D747016C23603E2400406396 /* DataManager.swift */; };
		D747016F2360425500406396 /* MediaServices.swift in Sources */ = {isa = PBXBuildFile; fileRef = D747016E2360425500406396 /* MediaServices.swift */; };
		D747017223604CAF00406396 /* LatestMoviesCell.swift in Sources */ = {isa = PBXBuildFile; fileRef = D747017023604CAF00406396 /* LatestMoviesCell.swift */; };
		D747017323604CB000406396 /* LatestMoviesCell.xib in Resources */ = {isa = PBXBuildFile; fileRef = D747017123604CAF00406396 /* LatestMoviesCell.xib */; };
		D7F69FBC236447D100901984 /* ASVideoContainer.swift in Sources */ = {isa = PBXBuildFile; fileRef = D7F69FBB236447D100901984 /* ASVideoContainer.swift */; };
		D7F69FBE2364480700901984 /* ASAutoPlayVideoLayerContainer.swift in Sources */ = {isa = PBXBuildFile; fileRef = D7F69FBD2364480700901984 /* ASAutoPlayVideoLayerContainer.swift */; };
		D7F69FC02364483000901984 /* ASVideoLayerObject.swift in Sources */ = {isa = PBXBuildFile; fileRef = D7F69FBF2364483000901984 /* ASVideoLayerObject.swift */; };
/* End PBXBuildFile section */

/* Begin PBXFileReference section */
		D7267B0D2366EB63003B05DE /* BookmarkCell.swift */ = {isa = PBXFileReference; lastKnownFileType = sourcecode.swift; path = BookmarkCell.swift; sourceTree = "<group>"; };
		D7267B0E2366EB63003B05DE /* BookmarkCell.xib */ = {isa = PBXFileReference; lastKnownFileType = file.xib; path = BookmarkCell.xib; sourceTree = "<group>"; };
		D7267B112366EBA1003B05DE /* BookmarkVC.swift */ = {isa = PBXFileReference; lastKnownFileType = sourcecode.swift; path = BookmarkVC.swift; sourceTree = "<group>"; };
		D7267B1323687194003B05DE /* CustomButton.swift */ = {isa = PBXFileReference; lastKnownFileType = sourcecode.swift; path = CustomButton.swift; sourceTree = "<group>"; };
		D7267B1523689C44003B05DE /* WatchedVC.swift */ = {isa = PBXFileReference; lastKnownFileType = sourcecode.swift; path = WatchedVC.swift; sourceTree = "<group>"; };
		D72AFEC5235F7B9200096F68 /* PopcornSwirl.app */ = {isa = PBXFileReference; explicitFileType = wrapper.application; includeInIndex = 0; path = PopcornSwirl.app; sourceTree = BUILT_PRODUCTS_DIR; };
		D72AFEC8235F7B9200096F68 /* AppDelegate.swift */ = {isa = PBXFileReference; lastKnownFileType = sourcecode.swift; path = AppDelegate.swift; sourceTree = "<group>"; };
		D72AFECA235F7B9200096F68 /* SceneDelegate.swift */ = {isa = PBXFileReference; lastKnownFileType = sourcecode.swift; path = SceneDelegate.swift; sourceTree = "<group>"; };
		D72AFECC235F7B9200096F68 /* LatestVC.swift */ = {isa = PBXFileReference; lastKnownFileType = sourcecode.swift; path = LatestVC.swift; sourceTree = "<group>"; };
		D72AFECF235F7B9200096F68 /* Base */ = {isa = PBXFileReference; lastKnownFileType = file.storyboard; name = Base; path = Base.lproj/Main.storyboard; sourceTree = "<group>"; };
		D72AFED1235F7B9600096F68 /* Assets.xcassets */ = {isa = PBXFileReference; lastKnownFileType = folder.assetcatalog; path = Assets.xcassets; sourceTree = "<group>"; };
		D72AFED4235F7B9600096F68 /* Base */ = {isa = PBXFileReference; lastKnownFileType = file.storyboard; name = Base; path = Base.lproj/LaunchScreen.storyboard; sourceTree = "<group>"; };
		D72AFED6235F7B9600096F68 /* Info.plist */ = {isa = PBXFileReference; lastKnownFileType = text.plist.xml; path = Info.plist; sourceTree = "<group>"; };
		D7470165235FA93D00406396 /* Movie.swift */ = {isa = PBXFileReference; lastKnownFileType = sourcecode.swift; path = Movie.swift; sourceTree = "<group>"; };
		D747016C23603E2400406396 /* DataManager.swift */ = {isa = PBXFileReference; lastKnownFileType = sourcecode.swift; path = DataManager.swift; sourceTree = "<group>"; };
		D747016E2360425500406396 /* MediaServices.swift */ = {isa = PBXFileReference; lastKnownFileType = sourcecode.swift; path = MediaServices.swift; sourceTree = "<group>"; };
		D747017023604CAF00406396 /* LatestMoviesCell.swift */ = {isa = PBXFileReference; lastKnownFileType = sourcecode.swift; path = LatestMoviesCell.swift; sourceTree = "<group>"; };
		D747017123604CAF00406396 /* LatestMoviesCell.xib */ = {isa = PBXFileReference; lastKnownFileType = file.xib; path = LatestMoviesCell.xib; sourceTree = "<group>"; };
		D7F69FBB236447D100901984 /* ASVideoContainer.swift */ = {isa = PBXFileReference; lastKnownFileType = sourcecode.swift; path = ASVideoContainer.swift; sourceTree = "<group>"; };
		D7F69FBD2364480700901984 /* ASAutoPlayVideoLayerContainer.swift */ = {isa = PBXFileReference; lastKnownFileType = sourcecode.swift; path = ASAutoPlayVideoLayerContainer.swift; sourceTree = "<group>"; };
		D7F69FBF2364483000901984 /* ASVideoLayerObject.swift */ = {isa = PBXFileReference; lastKnownFileType = sourcecode.swift; path = ASVideoLayerObject.swift; sourceTree = "<group>"; };
/* End PBXFileReference section */

/* Begin PBXFrameworksBuildPhase section */
		D72AFEC2235F7B9200096F68 /* Frameworks */ = {
			isa = PBXFrameworksBuildPhase;
			buildActionMask = 2147483647;
			files = (
			);
			runOnlyForDeploymentPostprocessing = 0;
		};
/* End PBXFrameworksBuildPhase section */

/* Begin PBXGroup section */
		D72AFEBC235F7B9200096F68 = {
			isa = PBXGroup;
			children = (
				D72AFEC7235F7B9200096F68 /* PopcornSwirl */,
				D72AFEC6235F7B9200096F68 /* Products */,
			);
			sourceTree = "<group>";
		};
		D72AFEC6235F7B9200096F68 /* Products */ = {
			isa = PBXGroup;
			children = (
				D72AFEC5235F7B9200096F68 /* PopcornSwirl.app */,
			);
			name = Products;
			sourceTree = "<group>";
		};
		D72AFEC7235F7B9200096F68 /* PopcornSwirl */ = {
			isa = PBXGroup;
			children = (
				D7470167236039ED00406396 /* Model */,
				D747016A23603A7600406396 /* Controllers */,
				D747016823603A2900406396 /* View */,
				D747017423604CEA00406396 /* Components */,
				D74701772361DA4A00406396 /* Extensions */,
				D747016B23603A8F00406396 /* Supporting Files */,
				D72AFED1235F7B9600096F68 /* Assets.xcassets */,
				D72AFED6235F7B9600096F68 /* Info.plist */,
				D7F69FC12364488E00901984 /* VideoPlayLibrary */,
			);
			path = PopcornSwirl;
			sourceTree = "<group>";
		};
		D7470167236039ED00406396 /* Model */ = {
			isa = PBXGroup;
			children = (
				D7470165235FA93D00406396 /* Movie.swift */,
			);
			path = Model;
			sourceTree = "<group>";
		};
		D747016823603A2900406396 /* View */ = {
			isa = PBXGroup;
			children = (
				D72AFECE235F7B9200096F68 /* Main.storyboard */,
				D747017123604CAF00406396 /* LatestMoviesCell.xib */,
				D7267B0E2366EB63003B05DE /* BookmarkCell.xib */,
			);
			path = View;
			sourceTree = "<group>";
		};
		D747016A23603A7600406396 /* Controllers */ = {
			isa = PBXGroup;
			children = (
				D72AFECC235F7B9200096F68 /* LatestVC.swift */,
				D7267B112366EBA1003B05DE /* BookmarkVC.swift */,
				D7267B1523689C44003B05DE /* WatchedVC.swift */,
			);
			path = Controllers;
			sourceTree = "<group>";
		};
		D747016B23603A8F00406396 /* Supporting Files */ = {
			isa = PBXGroup;
			children = (
				D747016E2360425500406396 /* MediaServices.swift */,
				D747016C23603E2400406396 /* DataManager.swift */,
				D72AFEC8235F7B9200096F68 /* AppDelegate.swift */,
				D72AFECA235F7B9200096F68 /* SceneDelegate.swift */,
				D72AFED3235F7B9600096F68 /* LaunchScreen.storyboard */,
			);
			path = "Supporting Files";
			sourceTree = "<group>";
		};
		D747017423604CEA00406396 /* Components */ = {
			isa = PBXGroup;
			children = (
				D747017023604CAF00406396 /* LatestMoviesCell.swift */,
				D7267B0D2366EB63003B05DE /* BookmarkCell.swift */,
			);
			path = Components;
			sourceTree = "<group>";
		};
		D74701772361DA4A00406396 /* Extensions */ = {
			isa = PBXGroup;
			children = (
				D7267B1323687194003B05DE /* CustomButton.swift */,
			);
			path = Extensions;
			sourceTree = "<group>";
		};
		D7F69FC12364488E00901984 /* VideoPlayLibrary */ = {
			isa = PBXGroup;
			children = (
				D7F69FBB236447D100901984 /* ASVideoContainer.swift */,
				D7F69FBD2364480700901984 /* ASAutoPlayVideoLayerContainer.swift */,
				D7F69FBF2364483000901984 /* ASVideoLayerObject.swift */,
			);
			path = VideoPlayLibrary;
			sourceTree = "<group>";
		};
/* End PBXGroup section */

/* Begin PBXNativeTarget section */
		D72AFEC4235F7B9200096F68 /* PopcornSwirl */ = {
			isa = PBXNativeTarget;
			buildConfigurationList = D72AFED9235F7B9600096F68 /* Build configuration list for PBXNativeTarget "PopcornSwirl" */;
			buildPhases = (
				D72AFEC1235F7B9200096F68 /* Sources */,
				D72AFEC2235F7B9200096F68 /* Frameworks */,
				D72AFEC3235F7B9200096F68 /* Resources */,
			);
			buildRules = (
			);
			dependencies = (
			);
			name = PopcornSwirl;
			productName = PopcornSwirl;
			productReference = D72AFEC5235F7B9200096F68 /* PopcornSwirl.app */;
			productType = "com.apple.product-type.application";
		};
/* End PBXNativeTarget section */

/* Begin PBXProject section */
		D72AFEBD235F7B9200096F68 /* Project object */ = {
			isa = PBXProject;
			attributes = {
				LastSwiftUpdateCheck = 1110;
				LastUpgradeCheck = 1110;
				ORGANIZATIONNAME = zsolt;
				TargetAttributes = {
					D72AFEC4235F7B9200096F68 = {
						CreatedOnToolsVersion = 11.1;
					};
				};
			};
			buildConfigurationList = D72AFEC0235F7B9200096F68 /* Build configuration list for PBXProject "PopcornSwirl" */;
			compatibilityVersion = "Xcode 9.3";
			developmentRegion = en;
			hasScannedForEncodings = 0;
			knownRegions = (
				en,
				Base,
			);
			mainGroup = D72AFEBC235F7B9200096F68;
			productRefGroup = D72AFEC6235F7B9200096F68 /* Products */;
			projectDirPath = "";
			projectRoot = "";
			targets = (
				D72AFEC4235F7B9200096F68 /* PopcornSwirl */,
			);
		};
/* End PBXProject section */

/* Begin PBXResourcesBuildPhase section */
		D72AFEC3235F7B9200096F68 /* Resources */ = {
			isa = PBXResourcesBuildPhase;
			buildActionMask = 2147483647;
			files = (
				D72AFED5235F7B9600096F68 /* LaunchScreen.storyboard in Resources */,
				D7267B102366EB63003B05DE /* BookmarkCell.xib in Resources */,
				D747017323604CB000406396 /* LatestMoviesCell.xib in Resources */,
				D72AFED2235F7B9600096F68 /* Assets.xcassets in Resources */,
				D72AFED0235F7B9200096F68 /* Main.storyboard in Resources */,
			);
			runOnlyForDeploymentPostprocessing = 0;
		};
/* End PBXResourcesBuildPhase section */

/* Begin PBXSourcesBuildPhase section */
		D72AFEC1235F7B9200096F68 /* Sources */ = {
			isa = PBXSourcesBuildPhase;
			buildActionMask = 2147483647;
			files = (
				D7267B1423687194003B05DE /* CustomButton.swift in Sources */,
				D72AFECD235F7B9200096F68 /* LatestVC.swift in Sources */,
				D7F69FBC236447D100901984 /* ASVideoContainer.swift in Sources */,
				D7267B122366EBA1003B05DE /* BookmarkVC.swift in Sources */,
				D747016D23603E2400406396 /* DataManager.swift in Sources */,
				D747017223604CAF00406396 /* LatestMoviesCell.swift in Sources */,
				D747016F2360425500406396 /* MediaServices.swift in Sources */,
				D7267B1623689C44003B05DE /* WatchedVC.swift in Sources */,
				D72AFEC9235F7B9200096F68 /* AppDelegate.swift in Sources */,
				D7470166235FA93D00406396 /* Movie.swift in Sources */,
				D7F69FBE2364480700901984 /* ASAutoPlayVideoLayerContainer.swift in Sources */,
				D7267B0F2366EB63003B05DE /* BookmarkCell.swift in Sources */,
				D72AFECB235F7B9200096F68 /* SceneDelegate.swift in Sources */,
				D7F69FC02364483000901984 /* ASVideoLayerObject.swift in Sources */,
			);
			runOnlyForDeploymentPostprocessing = 0;
		};
/* End PBXSourcesBuildPhase section */

/* Begin PBXVariantGroup section */
		D72AFECE235F7B9200096F68 /* Main.storyboard */ = {
			isa = PBXVariantGroup;
			children = (
				D72AFECF235F7B9200096F68 /* Base */,
			);
			name = Main.storyboard;
			sourceTree = "<group>";
		};
		D72AFED3235F7B9600096F68 /* LaunchScreen.storyboard */ = {
			isa = PBXVariantGroup;
			children = (
				D72AFED4235F7B9600096F68 /* Base */,
			);
			name = LaunchScreen.storyboard;
			sourceTree = "<group>";
		};
/* End PBXVariantGroup section */

/* Begin XCBuildConfiguration section */
		D72AFED7235F7B9600096F68 /* Debug */ = {
			isa = XCBuildConfiguration;
			buildSettings = {
				ALWAYS_SEARCH_USER_PATHS = NO;
				CLANG_ANALYZER_NONNULL = YES;
				CLANG_ANALYZER_NUMBER_OBJECT_CONVERSION = YES_AGGRESSIVE;
				CLANG_CXX_LANGUAGE_STANDARD = "gnu++14";
				CLANG_CXX_LIBRARY = "libc++";
				CLANG_ENABLE_MODULES = YES;
				CLANG_ENABLE_OBJC_ARC = YES;
				CLANG_ENABLE_OBJC_WEAK = YES;
				CLANG_WARN_BLOCK_CAPTURE_AUTORELEASING = YES;
				CLANG_WARN_BOOL_CONVERSION = YES;
				CLANG_WARN_COMMA = YES;
				CLANG_WARN_CONSTANT_CONVERSION = YES;
				CLANG_WARN_DEPRECATED_OBJC_IMPLEMENTATIONS = YES;
				CLANG_WARN_DIRECT_OBJC_ISA_USAGE = YES_ERROR;
				CLANG_WARN_DOCUMENTATION_COMMENTS = YES;
				CLANG_WARN_EMPTY_BODY = YES;
				CLANG_WARN_ENUM_CONVERSION = YES;
				CLANG_WARN_INFINITE_RECURSION = YES;
				CLANG_WARN_INT_CONVERSION = YES;
				CLANG_WARN_NON_LITERAL_NULL_CONVERSION = YES;
				CLANG_WARN_OBJC_IMPLICIT_RETAIN_SELF = YES;
				CLANG_WARN_OBJC_LITERAL_CONVERSION = YES;
				CLANG_WARN_OBJC_ROOT_CLASS = YES_ERROR;
				CLANG_WARN_RANGE_LOOP_ANALYSIS = YES;
				CLANG_WARN_STRICT_PROTOTYPES = YES;
				CLANG_WARN_SUSPICIOUS_MOVE = YES;
				CLANG_WARN_UNGUARDED_AVAILABILITY = YES_AGGRESSIVE;
				CLANG_WARN_UNREACHABLE_CODE = YES;
				CLANG_WARN__DUPLICATE_METHOD_MATCH = YES;
				COPY_PHASE_STRIP = NO;
				DEBUG_INFORMATION_FORMAT = dwarf;
				ENABLE_STRICT_OBJC_MSGSEND = YES;
				ENABLE_TESTABILITY = YES;
				GCC_C_LANGUAGE_STANDARD = gnu11;
				GCC_DYNAMIC_NO_PIC = NO;
				GCC_NO_COMMON_BLOCKS = YES;
				GCC_OPTIMIZATION_LEVEL = 0;
				GCC_PREPROCESSOR_DEFINITIONS = (
					"DEBUG=1",
					"$(inherited)",
				);
				GCC_WARN_64_TO_32_BIT_CONVERSION = YES;
				GCC_WARN_ABOUT_RETURN_TYPE = YES_ERROR;
				GCC_WARN_UNDECLARED_SELECTOR = YES;
				GCC_WARN_UNINITIALIZED_AUTOS = YES_AGGRESSIVE;
				GCC_WARN_UNUSED_FUNCTION = YES;
				GCC_WARN_UNUSED_VARIABLE = YES;
				IPHONEOS_DEPLOYMENT_TARGET = 13.1;
				MTL_ENABLE_DEBUG_INFO = INCLUDE_SOURCE;
				MTL_FAST_MATH = YES;
				ONLY_ACTIVE_ARCH = YES;
				SDKROOT = iphoneos;
				SWIFT_ACTIVE_COMPILATION_CONDITIONS = DEBUG;
				SWIFT_OPTIMIZATION_LEVEL = "-Onone";
			};
			name = Debug;
		};
		D72AFED8235F7B9600096F68 /* Release */ = {
			isa = XCBuildConfiguration;
			buildSettings = {
				ALWAYS_SEARCH_USER_PATHS = NO;
				CLANG_ANALYZER_NONNULL = YES;
				CLANG_ANALYZER_NUMBER_OBJECT_CONVERSION = YES_AGGRESSIVE;
				CLANG_CXX_LANGUAGE_STANDARD = "gnu++14";
				CLANG_CXX_LIBRARY = "libc++";
				CLANG_ENABLE_MODULES = YES;
				CLANG_ENABLE_OBJC_ARC = YES;
				CLANG_ENABLE_OBJC_WEAK = YES;
				CLANG_WARN_BLOCK_CAPTURE_AUTORELEASING = YES;
				CLANG_WARN_BOOL_CONVERSION = YES;
				CLANG_WARN_COMMA = YES;
				CLANG_WARN_CONSTANT_CONVERSION = YES;
				CLANG_WARN_DEPRECATED_OBJC_IMPLEMENTATIONS = YES;
				CLANG_WARN_DIRECT_OBJC_ISA_USAGE = YES_ERROR;
				CLANG_WARN_DOCUMENTATION_COMMENTS = YES;
				CLANG_WARN_EMPTY_BODY = YES;
				CLANG_WARN_ENUM_CONVERSION = YES;
				CLANG_WARN_INFINITE_RECURSION = YES;
				CLANG_WARN_INT_CONVERSION = YES;
				CLANG_WARN_NON_LITERAL_NULL_CONVERSION = YES;
				CLANG_WARN_OBJC_IMPLICIT_RETAIN_SELF = YES;
				CLANG_WARN_OBJC_LITERAL_CONVERSION = YES;
				CLANG_WARN_OBJC_ROOT_CLASS = YES_ERROR;
				CLANG_WARN_RANGE_LOOP_ANALYSIS = YES;
				CLANG_WARN_STRICT_PROTOTYPES = YES;
				CLANG_WARN_SUSPICIOUS_MOVE = YES;
				CLANG_WARN_UNGUARDED_AVAILABILITY = YES_AGGRESSIVE;
				CLANG_WARN_UNREACHABLE_CODE = YES;
				CLANG_WARN__DUPLICATE_METHOD_MATCH = YES;
				COPY_PHASE_STRIP = NO;
				DEBUG_INFORMATION_FORMAT = "dwarf-with-dsym";
				ENABLE_NS_ASSERTIONS = NO;
				ENABLE_STRICT_OBJC_MSGSEND = YES;
				GCC_C_LANGUAGE_STANDARD = gnu11;
				GCC_NO_COMMON_BLOCKS = YES;
				GCC_WARN_64_TO_32_BIT_CONVERSION = YES;
				GCC_WARN_ABOUT_RETURN_TYPE = YES_ERROR;
				GCC_WARN_UNDECLARED_SELECTOR = YES;
				GCC_WARN_UNINITIALIZED_AUTOS = YES_AGGRESSIVE;
				GCC_WARN_UNUSED_FUNCTION = YES;
				GCC_WARN_UNUSED_VARIABLE = YES;
				IPHONEOS_DEPLOYMENT_TARGET = 13.1;
				MTL_ENABLE_DEBUG_INFO = NO;
				MTL_FAST_MATH = YES;
				SDKROOT = iphoneos;
				SWIFT_COMPILATION_MODE = wholemodule;
				SWIFT_OPTIMIZATION_LEVEL = "-O";
				VALIDATE_PRODUCT = YES;
			};
			name = Release;
		};
		D72AFEDA235F7B9600096F68 /* Debug */ = {
			isa = XCBuildConfiguration;
			buildSettings = {
				ASSETCATALOG_COMPILER_APPICON_NAME = AppIcon;
				CODE_SIGN_STYLE = Automatic;
				DEVELOPMENT_TEAM = UGX74299AN;
				INFOPLIST_FILE = PopcornSwirl/Info.plist;
				LD_RUNPATH_SEARCH_PATHS = (
					"$(inherited)",
					"@executable_path/Frameworks",
				);
				PRODUCT_BUNDLE_IDENTIFIER = zsoltgabor.PopcornSwirl;
				PRODUCT_NAME = "$(TARGET_NAME)";
				SWIFT_VERSION = 5.0;
				TARGETED_DEVICE_FAMILY = 1;
			};
			name = Debug;
		};
		D72AFEDB235F7B9600096F68 /* Release */ = {
			isa = XCBuildConfiguration;
			buildSettings = {
				ASSETCATALOG_COMPILER_APPICON_NAME = AppIcon;
				CODE_SIGN_STYLE = Automatic;
				DEVELOPMENT_TEAM = UGX74299AN;
				INFOPLIST_FILE = PopcornSwirl/Info.plist;
				LD_RUNPATH_SEARCH_PATHS = (
					"$(inherited)",
					"@executable_path/Frameworks",
				);
				PRODUCT_BUNDLE_IDENTIFIER = zsoltgabor.PopcornSwirl;
				PRODUCT_NAME = "$(TARGET_NAME)";
				SWIFT_VERSION = 5.0;
				TARGETED_DEVICE_FAMILY = 1;
			};
			name = Release;
		};
/* End XCBuildConfiguration section */

/* Begin XCConfigurationList section */
		D72AFEC0235F7B9200096F68 /* Build configuration list for PBXProject "PopcornSwirl" */ = {
			isa = XCConfigurationList;
			buildConfigurations = (
				D72AFED7235F7B9600096F68 /* Debug */,
				D72AFED8235F7B9600096F68 /* Release */,
			);
			defaultConfigurationIsVisible = 0;
			defaultConfigurationName = Release;
		};
		D72AFED9235F7B9600096F68 /* Build configuration list for PBXNativeTarget "PopcornSwirl" */ = {
			isa = XCConfigurationList;
			buildConfigurations = (
				D72AFEDA235F7B9600096F68 /* Debug */,
				D72AFEDB235F7B9600096F68 /* Release */,
			);
			defaultConfigurationIsVisible = 0;
			defaultConfigurationName = Release;
		};
/* End XCConfigurationList section */
	};
	rootObject = D72AFEBD235F7B9200096F68 /* Project object */;
}
